
Microsoft Visual Studio Solution File, Format Version 12.00
# Visual Studio Version 17
VisualStudioVersion = 17.0.32014.148
MinimumVisualStudioVersion = 10.0.40219.1
Project("{FAE04EC0-301F-11D3-BF4B-00C04F79EFBC}") = "Elesctronicos_Ross", "Elesctronicos_Ross\Elesctronicos_Ross.csproj", "{0AC71889-DF92-4BAC-8B6F-27DF7B90EA26}"
EndProject
Global
	GlobalSection(SolutionConfigurationPlatforms) = preSolution
		Debug|Any CPU = Debug|Any CPU
		Release|Any CPU = Release|Any CPU
	EndGlobalSection
	GlobalSection(ProjectConfigurationPlatforms) = postSolution
		{0AC71889-DF92-4BAC-8B6F-27DF7B90EA26}.Debug|Any CPU.ActiveCfg = Debug|Any CPU
		{0AC71889-DF92-4BAC-8B6F-27DF7B90EA26}.Debug|Any CPU.Build.0 = Debug|Any CPU
		{0AC71889-DF92-4BAC-8B6F-27DF7B90EA26}.Release|Any CPU.ActiveCfg = Release|Any CPU
		{0AC71889-DF92-4BAC-8B6F-27DF7B90EA26}.Release|Any CPU.Build.0 = Release|Any CPU
	EndGlobalSection
	GlobalSection(SolutionProperties) = preSolution
		HideSolutionNode = FALSE
	EndGlobalSection
	GlobalSection(ExtensibilityGlobals) = postSolution
		SolutionGuid = {F99C21FA-57CD-430A-8DDD-5BF1AEBCECD8}
	EndGlobalSection
EndGlobal
